
Microsoft Visual Studio Solution File, Format Version 12.00
# Visual Studio 14
VisualStudioVersion = 14.0.25420.1
MinimumVisualStudioVersion = 10.0.40219.1
Project("{2150E333-8FDC-42A3-9474-1A3956D46DE8}") = "Solution Items", "Solution Items", "{06DA73A6-87C5-4772-9A59-534F10530ED6}"
	ProjectSection(SolutionItems) = preProject
		.gitattributes = .gitattributes
		.gitignore = .gitignore
		README.md = README.md
	EndProjectSection
EndProject
Project("{8BB2217D-0F2D-49D1-97BC-3654ED321F3B}") = "XmpCore", "XmpCore\XmpCore.xproj", "{205F08AB-1CBD-4FCA-96BD-5DE5C24BDF7E}"
EndProject
Project("{8BB2217D-0F2D-49D1-97BC-3654ED321F3B}") = "XmpCore.Tests", "XmpCore.Tests\XmpCore.Tests.xproj", "{B886F96C-DEB6-49CD-91F9-D55A91C99725}"
EndProject
Project("{8BB2217D-0F2D-49D1-97BC-3654ED321F3B}") = "XmpCore-Signed", "XmpCore-Signed\XmpCore-Signed.xproj", "{D9D571B9-3722-4C59-9FC7-28DA69CFC480}"
EndProject
Global
	GlobalSection(SolutionConfigurationPlatforms) = preSolution
		Debug|Any CPU = Debug|Any CPU
		Release|Any CPU = Release|Any CPU
	EndGlobalSection
	GlobalSection(ProjectConfigurationPlatforms) = postSolution
		{205F08AB-1CBD-4FCA-96BD-5DE5C24BDF7E}.Debug|Any CPU.ActiveCfg = Debug|Any CPU
		{205F08AB-1CBD-4FCA-96BD-5DE5C24BDF7E}.Debug|Any CPU.Build.0 = Debug|Any CPU
		{205F08AB-1CBD-4FCA-96BD-5DE5C24BDF7E}.Release|Any CPU.ActiveCfg = Release|Any CPU
		{205F08AB-1CBD-4FCA-96BD-5DE5C24BDF7E}.Release|Any CPU.Build.0 = Release|Any CPU
		{B886F96C-DEB6-49CD-91F9-D55A91C99725}.Debug|Any CPU.ActiveCfg = Debug|Any CPU
		{B886F96C-DEB6-49CD-91F9-D55A91C99725}.Debug|Any CPU.Build.0 = Debug|Any CPU
		{B886F96C-DEB6-49CD-91F9-D55A91C99725}.Release|Any CPU.ActiveCfg = Release|Any CPU
		{B886F96C-DEB6-49CD-91F9-D55A91C99725}.Release|Any CPU.Build.0 = Release|Any CPU
		{D9D571B9-3722-4C59-9FC7-28DA69CFC480}.Debug|Any CPU.ActiveCfg = Debug|Any CPU
		{D9D571B9-3722-4C59-9FC7-28DA69CFC480}.Debug|Any CPU.Build.0 = Debug|Any CPU
		{D9D571B9-3722-4C59-9FC7-28DA69CFC480}.Release|Any CPU.ActiveCfg = Release|Any CPU
		{D9D571B9-3722-4C59-9FC7-28DA69CFC480}.Release|Any CPU.Build.0 = Release|Any CPU
	EndGlobalSection
	GlobalSection(SolutionProperties) = preSolution
		HideSolutionNode = FALSE
	EndGlobalSection
EndGlobal
