
Microsoft Visual Studio Solution File, Format Version 12.00
# Visual Studio 14
VisualStudioVersion = 14.0.23107.0
MinimumVisualStudioVersion = 10.0.40219.1
Project("{FAE04EC0-301F-11D3-BF4B-00C04F79EFBC}") = "XmpCore", "XmpCore\XmpCore.csproj", "{5A1F2AFF-7219-4543-97C4-364D4502C3C5}"
EndProject
Project("{2150E333-8FDC-42A3-9474-1A3956D46DE8}") = "Solution Items", "Solution Items", "{06DA73A6-87C5-4772-9A59-534F10530ED6}"
	ProjectSection(SolutionItems) = preProject
		.gitattributes = .gitattributes
		.gitignore = .gitignore
		README.md = README.md
	EndProjectSection
EndProject
Project("{FAE04EC0-301F-11D3-BF4B-00C04F79EFBC}") = "XmpCore.Tests", "XmpCore.Tests\XmpCore.Tests.csproj", "{2A95AF33-EA9E-4F40-85C4-A0E582F884A2}"
EndProject
Project("{FAE04EC0-301F-11D3-BF4B-00C04F79EFBC}") = "XmpCore.Portable", "XmpCore.Portable\XmpCore.Portable.csproj", "{55CB0869-98DC-4F37-987C-304734541A1C}"
EndProject
Global
	GlobalSection(SolutionConfigurationPlatforms) = preSolution
		Debug|Any CPU = Debug|Any CPU
		Release|Any CPU = Release|Any CPU
	EndGlobalSection
	GlobalSection(ProjectConfigurationPlatforms) = postSolution
		{5A1F2AFF-7219-4543-97C4-364D4502C3C5}.Debug|Any CPU.ActiveCfg = Debug|Any CPU
		{5A1F2AFF-7219-4543-97C4-364D4502C3C5}.Debug|Any CPU.Build.0 = Debug|Any CPU
		{5A1F2AFF-7219-4543-97C4-364D4502C3C5}.Release|Any CPU.ActiveCfg = Release|Any CPU
		{5A1F2AFF-7219-4543-97C4-364D4502C3C5}.Release|Any CPU.Build.0 = Release|Any CPU
		{2A95AF33-EA9E-4F40-85C4-A0E582F884A2}.Debug|Any CPU.ActiveCfg = Debug|Any CPU
		{2A95AF33-EA9E-4F40-85C4-A0E582F884A2}.Debug|Any CPU.Build.0 = Debug|Any CPU
		{2A95AF33-EA9E-4F40-85C4-A0E582F884A2}.Release|Any CPU.ActiveCfg = Release|Any CPU
		{2A95AF33-EA9E-4F40-85C4-A0E582F884A2}.Release|Any CPU.Build.0 = Release|Any CPU
		{55CB0869-98DC-4F37-987C-304734541A1C}.Debug|Any CPU.ActiveCfg = Debug|Any CPU
		{55CB0869-98DC-4F37-987C-304734541A1C}.Debug|Any CPU.Build.0 = Debug|Any CPU
		{55CB0869-98DC-4F37-987C-304734541A1C}.Release|Any CPU.ActiveCfg = Release|Any CPU
		{55CB0869-98DC-4F37-987C-304734541A1C}.Release|Any CPU.Build.0 = Release|Any CPU
	EndGlobalSection
	GlobalSection(SolutionProperties) = preSolution
		HideSolutionNode = FALSE
	EndGlobalSection
EndGlobal
